
Microsoft Visual Studio Solution File, Format Version 12.00
# Visual Studio Version 17
VisualStudioVersion = 17.11.35327.3
MinimumVisualStudioVersion = 10.0.40219.1
Project("{FAE04EC0-301F-11D3-BF4B-00C04F79EFBC}") = "BTC#_EXERCISE1", "BTC#_EXERCISE1.csproj", "{21F5E526-1186-4E5A-87AE-6DB3D4AACDFF}"
EndProject
Global
	GlobalSection(SolutionConfigurationPlatforms) = preSolution
		Debug|Any CPU = Debug|Any CPU
		Release|Any CPU = Release|Any CPU
	EndGlobalSection
	GlobalSection(ProjectConfigurationPlatforms) = postSolution
		{21F5E526-1186-4E5A-87AE-6DB3D4AACDFF}.Debug|Any CPU.ActiveCfg = Debug|Any CPU
		{21F5E526-1186-4E5A-87AE-6DB3D4AACDFF}.Debug|Any CPU.Build.0 = Debug|Any CPU
		{21F5E526-1186-4E5A-87AE-6DB3D4AACDFF}.Release|Any CPU.ActiveCfg = Release|Any CPU
		{21F5E526-1186-4E5A-87AE-6DB3D4AACDFF}.Release|Any CPU.Build.0 = Release|Any CPU
	EndGlobalSection
	GlobalSection(SolutionProperties) = preSolution
		HideSolutionNode = FALSE
	EndGlobalSection
	GlobalSection(ExtensibilityGlobals) = postSolution
		SolutionGuid = {DDDF59D5-5BB1-4F4D-9A86-89F0F4AD34E9}
	EndGlobalSection
EndGlobal
